
Microsoft Visual Studio Solution File, Format Version 12.00
# Visual Studio 15
VisualStudioVersion = 15.0.27428.2015
MinimumVisualStudioVersion = 10.0.40219.1
Project("{8BC9CEB8-8B4A-11D0-8D11-00A0C91BC942}") = "HellowWindow", "HelloWindow\LearnOpenGL.vcxproj", "{9FADF238-E184-4C96-994A-398E25F1CE21}"
EndProject
Project("{8BC9CEB8-8B4A-11D0-8D11-00A0C91BC942}") = "HelloTriangle", "HelloTriangle\HelloTriangle.vcxproj", "{347859CA-1FD5-44EF-A160-65EDAB8F902A}"
EndProject
Project("{8BC9CEB8-8B4A-11D0-8D11-00A0C91BC942}") = "Shaders", "Shaders\Shaders.vcxproj", "{5F32BB5E-359D-4FAE-9C14-7F20069DCD43}"
EndProject
Project("{8BC9CEB8-8B4A-11D0-8D11-00A0C91BC942}") = "Textures", "Textures\Textures.vcxproj", "{B7F21EE4-1A04-4ECC-9EF2-88DE590EEE04}"
EndProject
Project("{8BC9CEB8-8B4A-11D0-8D11-00A0C91BC942}") = "Transformations", "Transformations\Transformations.vcxproj", "{CFD62959-6C30-446E-AAB1-E050DA99DDEE}"
EndProject
Project("{8BC9CEB8-8B4A-11D0-8D11-00A0C91BC942}") = "CoordinateSystems", "CoordinateSystems\CoordinateSystems.vcxproj", "{4C5646A5-C418-4932-B548-E3F9AF432731}"
EndProject
Project("{8BC9CEB8-8B4A-11D0-8D11-00A0C91BC942}") = "Camera", "Camera\Camera.vcxproj", "{5456F412-6444-4D7C-B74F-6D6B38E4C9E6}"
EndProject
Project("{8BC9CEB8-8B4A-11D0-8D11-00A0C91BC942}") = "Colors", "Colors\Colors.vcxproj", "{6527653F-EA65-4A27-9378-09038BCB2206}"
EndProject
Project("{8BC9CEB8-8B4A-11D0-8D11-00A0C91BC942}") = "BasicLighting", "BasicLighting\BasicLighting.vcxproj", "{0254AB9E-198A-4300-BA14-52452BE61C93}"
EndProject
Project("{8BC9CEB8-8B4A-11D0-8D11-00A0C91BC942}") = "Materials", "Materials\Materials.vcxproj", "{53395899-ACE9-4617-B4D8-3664D2571FC6}"
EndProject
Project("{8BC9CEB8-8B4A-11D0-8D11-00A0C91BC942}") = "Lightingmaps", "Lightingmaps\Lightingmaps.vcxproj", "{35460EAA-310B-46A3-9674-49A55FF72721}"
EndProject
Project("{8BC9CEB8-8B4A-11D0-8D11-00A0C91BC942}") = "Lightcasters", "Lightcasters\Lightcasters.vcxproj", "{5193837A-A55C-406D-BF20-6A0F97855738}"
EndProject
Project("{8BC9CEB8-8B4A-11D0-8D11-00A0C91BC942}") = "Multiplelights", "Multiplelights\Multiplelights.vcxproj", "{60F1987C-5FFD-47C2-9041-4CA3DCF59895}"
EndProject
Project("{8BC9CEB8-8B4A-11D0-8D11-00A0C91BC942}") = "Mesh", "Mesh\Mesh.vcxproj", "{BCB4B2BB-5167-4AA8-AB42-4DF4D4DFEEA3}"
EndProject
Project("{8BC9CEB8-8B4A-11D0-8D11-00A0C91BC942}") = "Model", "Model\Model.vcxproj", "{D4031000-30C5-487C-9C6E-2A0E5C8ACD2D}"
EndProject
Project("{8BC9CEB8-8B4A-11D0-8D11-00A0C91BC942}") = "DeepTest", "DeepTest\DeepTest.vcxproj", "{9C2BA9CA-397C-4E9F-A19D-9692648C7C92}"
EndProject
Project("{8BC9CEB8-8B4A-11D0-8D11-00A0C91BC942}") = "StencilTest", "StencilTest\StencilTest.vcxproj", "{0679BC31-FA39-4905-ACAC-2DF04DF0A671}"
EndProject
Project("{8BC9CEB8-8B4A-11D0-8D11-00A0C91BC942}") = "Blend", "Blend\Blend.vcxproj", "{7E38185D-0733-4A79-9F4D-63C7677ED020}"
EndProject
Project("{8BC9CEB8-8B4A-11D0-8D11-00A0C91BC942}") = "FaceCulling", "FaceCulling\FaceCulling.vcxproj", "{140105BC-DC37-445A-8FB6-0FE7896FA344}"
EndProject
Project("{8BC9CEB8-8B4A-11D0-8D11-00A0C91BC942}") = "FrameBuffer", "FrameBuffer\FrameBuffer.vcxproj", "{851C8CF0-1F79-4212-AD8F-1CB735CF291E}"
EndProject
Global
	GlobalSection(SolutionConfigurationPlatforms) = preSolution
		Debug|x64 = Debug|x64
		Debug|x86 = Debug|x86
		Release|x64 = Release|x64
		Release|x86 = Release|x86
	EndGlobalSection
	GlobalSection(ProjectConfigurationPlatforms) = postSolution
		{9FADF238-E184-4C96-994A-398E25F1CE21}.Debug|x64.ActiveCfg = Debug|x64
		{9FADF238-E184-4C96-994A-398E25F1CE21}.Debug|x64.Build.0 = Debug|x64
		{9FADF238-E184-4C96-994A-398E25F1CE21}.Debug|x86.ActiveCfg = Debug|Win32
		{9FADF238-E184-4C96-994A-398E25F1CE21}.Debug|x86.Build.0 = Debug|Win32
		{9FADF238-E184-4C96-994A-398E25F1CE21}.Release|x64.ActiveCfg = Release|x64
		{9FADF238-E184-4C96-994A-398E25F1CE21}.Release|x64.Build.0 = Release|x64
		{9FADF238-E184-4C96-994A-398E25F1CE21}.Release|x86.ActiveCfg = Release|Win32
		{9FADF238-E184-4C96-994A-398E25F1CE21}.Release|x86.Build.0 = Release|Win32
		{347859CA-1FD5-44EF-A160-65EDAB8F902A}.Debug|x64.ActiveCfg = Debug|x64
		{347859CA-1FD5-44EF-A160-65EDAB8F902A}.Debug|x64.Build.0 = Debug|x64
		{347859CA-1FD5-44EF-A160-65EDAB8F902A}.Debug|x86.ActiveCfg = Debug|Win32
		{347859CA-1FD5-44EF-A160-65EDAB8F902A}.Debug|x86.Build.0 = Debug|Win32
		{347859CA-1FD5-44EF-A160-65EDAB8F902A}.Release|x64.ActiveCfg = Release|x64
		{347859CA-1FD5-44EF-A160-65EDAB8F902A}.Release|x64.Build.0 = Release|x64
		{347859CA-1FD5-44EF-A160-65EDAB8F902A}.Release|x86.ActiveCfg = Release|Win32
		{347859CA-1FD5-44EF-A160-65EDAB8F902A}.Release|x86.Build.0 = Release|Win32
		{5F32BB5E-359D-4FAE-9C14-7F20069DCD43}.Debug|x64.ActiveCfg = Debug|x64
		{5F32BB5E-359D-4FAE-9C14-7F20069DCD43}.Debug|x64.Build.0 = Debug|x64
		{5F32BB5E-359D-4FAE-9C14-7F20069DCD43}.Debug|x86.ActiveCfg = Debug|Win32
		{5F32BB5E-359D-4FAE-9C14-7F20069DCD43}.Debug|x86.Build.0 = Debug|Win32
		{5F32BB5E-359D-4FAE-9C14-7F20069DCD43}.Release|x64.ActiveCfg = Release|x64
		{5F32BB5E-359D-4FAE-9C14-7F20069DCD43}.Release|x64.Build.0 = Release|x64
		{5F32BB5E-359D-4FAE-9C14-7F20069DCD43}.Release|x86.ActiveCfg = Release|Win32
		{5F32BB5E-359D-4FAE-9C14-7F20069DCD43}.Release|x86.Build.0 = Release|Win32
		{B7F21EE4-1A04-4ECC-9EF2-88DE590EEE04}.Debug|x64.ActiveCfg = Debug|x64
		{B7F21EE4-1A04-4ECC-9EF2-88DE590EEE04}.Debug|x64.Build.0 = Debug|x64
		{B7F21EE4-1A04-4ECC-9EF2-88DE590EEE04}.Debug|x86.ActiveCfg = Debug|Win32
		{B7F21EE4-1A04-4ECC-9EF2-88DE590EEE04}.Debug|x86.Build.0 = Debug|Win32
		{B7F21EE4-1A04-4ECC-9EF2-88DE590EEE04}.Release|x64.ActiveCfg = Release|x64
		{B7F21EE4-1A04-4ECC-9EF2-88DE590EEE04}.Release|x64.Build.0 = Release|x64
		{B7F21EE4-1A04-4ECC-9EF2-88DE590EEE04}.Release|x86.ActiveCfg = Release|Win32
		{B7F21EE4-1A04-4ECC-9EF2-88DE590EEE04}.Release|x86.Build.0 = Release|Win32
		{CFD62959-6C30-446E-AAB1-E050DA99DDEE}.Debug|x64.ActiveCfg = Debug|x64
		{CFD62959-6C30-446E-AAB1-E050DA99DDEE}.Debug|x64.Build.0 = Debug|x64
		{CFD62959-6C30-446E-AAB1-E050DA99DDEE}.Debug|x86.ActiveCfg = Debug|Win32
		{CFD62959-6C30-446E-AAB1-E050DA99DDEE}.Debug|x86.Build.0 = Debug|Win32
		{CFD62959-6C30-446E-AAB1-E050DA99DDEE}.Release|x64.ActiveCfg = Release|x64
		{CFD62959-6C30-446E-AAB1-E050DA99DDEE}.Release|x64.Build.0 = Release|x64
		{CFD62959-6C30-446E-AAB1-E050DA99DDEE}.Release|x86.ActiveCfg = Release|Win32
		{CFD62959-6C30-446E-AAB1-E050DA99DDEE}.Release|x86.Build.0 = Release|Win32
		{4C5646A5-C418-4932-B548-E3F9AF432731}.Debug|x64.ActiveCfg = Debug|x64
		{4C5646A5-C418-4932-B548-E3F9AF432731}.Debug|x64.Build.0 = Debug|x64
		{4C5646A5-C418-4932-B548-E3F9AF432731}.Debug|x86.ActiveCfg = Debug|Win32
		{4C5646A5-C418-4932-B548-E3F9AF432731}.Debug|x86.Build.0 = Debug|Win32
		{4C5646A5-C418-4932-B548-E3F9AF432731}.Release|x64.ActiveCfg = Release|x64
		{4C5646A5-C418-4932-B548-E3F9AF432731}.Release|x64.Build.0 = Release|x64
		{4C5646A5-C418-4932-B548-E3F9AF432731}.Release|x86.ActiveCfg = Release|Win32
		{4C5646A5-C418-4932-B548-E3F9AF432731}.Release|x86.Build.0 = Release|Win32
		{5456F412-6444-4D7C-B74F-6D6B38E4C9E6}.Debug|x64.ActiveCfg = Debug|x64
		{5456F412-6444-4D7C-B74F-6D6B38E4C9E6}.Debug|x64.Build.0 = Debug|x64
		{5456F412-6444-4D7C-B74F-6D6B38E4C9E6}.Debug|x86.ActiveCfg = Debug|Win32
		{5456F412-6444-4D7C-B74F-6D6B38E4C9E6}.Debug|x86.Build.0 = Debug|Win32
		{5456F412-6444-4D7C-B74F-6D6B38E4C9E6}.Release|x64.ActiveCfg = Release|x64
		{5456F412-6444-4D7C-B74F-6D6B38E4C9E6}.Release|x64.Build.0 = Release|x64
		{5456F412-6444-4D7C-B74F-6D6B38E4C9E6}.Release|x86.ActiveCfg = Release|Win32
		{5456F412-6444-4D7C-B74F-6D6B38E4C9E6}.Release|x86.Build.0 = Release|Win32
		{6527653F-EA65-4A27-9378-09038BCB2206}.Debug|x64.ActiveCfg = Debug|x64
		{6527653F-EA65-4A27-9378-09038BCB2206}.Debug|x64.Build.0 = Debug|x64
		{6527653F-EA65-4A27-9378-09038BCB2206}.Debug|x86.ActiveCfg = Debug|Win32
		{6527653F-EA65-4A27-9378-09038BCB2206}.Debug|x86.Build.0 = Debug|Win32
		{6527653F-EA65-4A27-9378-09038BCB2206}.Release|x64.ActiveCfg = Release|x64
		{6527653F-EA65-4A27-9378-09038BCB2206}.Release|x64.Build.0 = Release|x64
		{6527653F-EA65-4A27-9378-09038BCB2206}.Release|x86.ActiveCfg = Release|Win32
		{6527653F-EA65-4A27-9378-09038BCB2206}.Release|x86.Build.0 = Release|Win32
		{0254AB9E-198A-4300-BA14-52452BE61C93}.Debug|x64.ActiveCfg = Debug|x64
		{0254AB9E-198A-4300-BA14-52452BE61C93}.Debug|x64.Build.0 = Debug|x64
		{0254AB9E-198A-4300-BA14-52452BE61C93}.Debug|x86.ActiveCfg = Debug|Win32
		{0254AB9E-198A-4300-BA14-52452BE61C93}.Debug|x86.Build.0 = Debug|Win32
		{0254AB9E-198A-4300-BA14-52452BE61C93}.Release|x64.ActiveCfg = Release|x64
		{0254AB9E-198A-4300-BA14-52452BE61C93}.Release|x64.Build.0 = Release|x64
		{0254AB9E-198A-4300-BA14-52452BE61C93}.Release|x86.ActiveCfg = Release|Win32
		{0254AB9E-198A-4300-BA14-52452BE61C93}.Release|x86.Build.0 = Release|Win32
		{53395899-ACE9-4617-B4D8-3664D2571FC6}.Debug|x64.ActiveCfg = Debug|x64
		{53395899-ACE9-4617-B4D8-3664D2571FC6}.Debug|x64.Build.0 = Debug|x64
		{53395899-ACE9-4617-B4D8-3664D2571FC6}.Debug|x86.ActiveCfg = Debug|Win32
		{53395899-ACE9-4617-B4D8-3664D2571FC6}.Debug|x86.Build.0 = Debug|Win32
		{53395899-ACE9-4617-B4D8-3664D2571FC6}.Release|x64.ActiveCfg = Release|x64
		{53395899-ACE9-4617-B4D8-3664D2571FC6}.Release|x64.Build.0 = Release|x64
		{53395899-ACE9-4617-B4D8-3664D2571FC6}.Release|x86.ActiveCfg = Release|Win32
		{53395899-ACE9-4617-B4D8-3664D2571FC6}.Release|x86.Build.0 = Release|Win32
		{35460EAA-310B-46A3-9674-49A55FF72721}.Debug|x64.ActiveCfg = Debug|x64
		{35460EAA-310B-46A3-9674-49A55FF72721}.Debug|x64.Build.0 = Debug|x64
		{35460EAA-310B-46A3-9674-49A55FF72721}.Debug|x86.ActiveCfg = Debug|Win32
		{35460EAA-310B-46A3-9674-49A55FF72721}.Debug|x86.Build.0 = Debug|Win32
		{35460EAA-310B-46A3-9674-49A55FF72721}.Release|x64.ActiveCfg = Release|x64
		{35460EAA-310B-46A3-9674-49A55FF72721}.Release|x64.Build.0 = Release|x64
		{35460EAA-310B-46A3-9674-49A55FF72721}.Release|x86.ActiveCfg = Release|Win32
		{35460EAA-310B-46A3-9674-49A55FF72721}.Release|x86.Build.0 = Release|Win32
		{5193837A-A55C-406D-BF20-6A0F97855738}.Debug|x64.ActiveCfg = Debug|x64
		{5193837A-A55C-406D-BF20-6A0F97855738}.Debug|x64.Build.0 = Debug|x64
		{5193837A-A55C-406D-BF20-6A0F97855738}.Debug|x86.ActiveCfg = Debug|Win32
		{5193837A-A55C-406D-BF20-6A0F97855738}.Debug|x86.Build.0 = Debug|Win32
		{5193837A-A55C-406D-BF20-6A0F97855738}.Release|x64.ActiveCfg = Release|x64
		{5193837A-A55C-406D-BF20-6A0F97855738}.Release|x64.Build.0 = Release|x64
		{5193837A-A55C-406D-BF20-6A0F97855738}.Release|x86.ActiveCfg = Release|Win32
		{5193837A-A55C-406D-BF20-6A0F97855738}.Release|x86.Build.0 = Release|Win32
		{60F1987C-5FFD-47C2-9041-4CA3DCF59895}.Debug|x64.ActiveCfg = Debug|x64
		{60F1987C-5FFD-47C2-9041-4CA3DCF59895}.Debug|x64.Build.0 = Debug|x64
		{60F1987C-5FFD-47C2-9041-4CA3DCF59895}.Debug|x86.ActiveCfg = Debug|Win32
		{60F1987C-5FFD-47C2-9041-4CA3DCF59895}.Debug|x86.Build.0 = Debug|Win32
		{60F1987C-5FFD-47C2-9041-4CA3DCF59895}.Release|x64.ActiveCfg = Release|x64
		{60F1987C-5FFD-47C2-9041-4CA3DCF59895}.Release|x64.Build.0 = Release|x64
		{60F1987C-5FFD-47C2-9041-4CA3DCF59895}.Release|x86.ActiveCfg = Release|Win32
		{60F1987C-5FFD-47C2-9041-4CA3DCF59895}.Release|x86.Build.0 = Release|Win32
		{BCB4B2BB-5167-4AA8-AB42-4DF4D4DFEEA3}.Debug|x64.ActiveCfg = Debug|x64
		{BCB4B2BB-5167-4AA8-AB42-4DF4D4DFEEA3}.Debug|x64.Build.0 = Debug|x64
		{BCB4B2BB-5167-4AA8-AB42-4DF4D4DFEEA3}.Debug|x86.ActiveCfg = Debug|Win32
		{BCB4B2BB-5167-4AA8-AB42-4DF4D4DFEEA3}.Debug|x86.Build.0 = Debug|Win32
		{BCB4B2BB-5167-4AA8-AB42-4DF4D4DFEEA3}.Release|x64.ActiveCfg = Release|x64
		{BCB4B2BB-5167-4AA8-AB42-4DF4D4DFEEA3}.Release|x64.Build.0 = Release|x64
		{BCB4B2BB-5167-4AA8-AB42-4DF4D4DFEEA3}.Release|x86.ActiveCfg = Release|Win32
		{BCB4B2BB-5167-4AA8-AB42-4DF4D4DFEEA3}.Release|x86.Build.0 = Release|Win32
		{D4031000-30C5-487C-9C6E-2A0E5C8ACD2D}.Debug|x64.ActiveCfg = Debug|x64
		{D4031000-30C5-487C-9C6E-2A0E5C8ACD2D}.Debug|x64.Build.0 = Debug|x64
		{D4031000-30C5-487C-9C6E-2A0E5C8ACD2D}.Debug|x86.ActiveCfg = Debug|Win32
		{D4031000-30C5-487C-9C6E-2A0E5C8ACD2D}.Debug|x86.Build.0 = Debug|Win32
		{D4031000-30C5-487C-9C6E-2A0E5C8ACD2D}.Release|x64.ActiveCfg = Release|x64
		{D4031000-30C5-487C-9C6E-2A0E5C8ACD2D}.Release|x64.Build.0 = Release|x64
		{D4031000-30C5-487C-9C6E-2A0E5C8ACD2D}.Release|x86.ActiveCfg = Release|Win32
		{D4031000-30C5-487C-9C6E-2A0E5C8ACD2D}.Release|x86.Build.0 = Release|Win32
		{9C2BA9CA-397C-4E9F-A19D-9692648C7C92}.Debug|x64.ActiveCfg = Debug|x64
		{9C2BA9CA-397C-4E9F-A19D-9692648C7C92}.Debug|x64.Build.0 = Debug|x64
		{9C2BA9CA-397C-4E9F-A19D-9692648C7C92}.Debug|x86.ActiveCfg = Debug|Win32
		{9C2BA9CA-397C-4E9F-A19D-9692648C7C92}.Debug|x86.Build.0 = Debug|Win32
		{9C2BA9CA-397C-4E9F-A19D-9692648C7C92}.Release|x64.ActiveCfg = Release|x64
		{9C2BA9CA-397C-4E9F-A19D-9692648C7C92}.Release|x64.Build.0 = Release|x64
		{9C2BA9CA-397C-4E9F-A19D-9692648C7C92}.Release|x86.ActiveCfg = Release|Win32
		{9C2BA9CA-397C-4E9F-A19D-9692648C7C92}.Release|x86.Build.0 = Release|Win32
		{0679BC31-FA39-4905-ACAC-2DF04DF0A671}.Debug|x64.ActiveCfg = Debug|x64
		{0679BC31-FA39-4905-ACAC-2DF04DF0A671}.Debug|x64.Build.0 = Debug|x64
		{0679BC31-FA39-4905-ACAC-2DF04DF0A671}.Debug|x86.ActiveCfg = Debug|Win32
		{0679BC31-FA39-4905-ACAC-2DF04DF0A671}.Debug|x86.Build.0 = Debug|Win32
		{0679BC31-FA39-4905-ACAC-2DF04DF0A671}.Release|x64.ActiveCfg = Release|x64
		{0679BC31-FA39-4905-ACAC-2DF04DF0A671}.Release|x64.Build.0 = Release|x64
		{0679BC31-FA39-4905-ACAC-2DF04DF0A671}.Release|x86.ActiveCfg = Release|Win32
		{0679BC31-FA39-4905-ACAC-2DF04DF0A671}.Release|x86.Build.0 = Release|Win32
		{7E38185D-0733-4A79-9F4D-63C7677ED020}.Debug|x64.ActiveCfg = Debug|x64
		{7E38185D-0733-4A79-9F4D-63C7677ED020}.Debug|x64.Build.0 = Debug|x64
		{7E38185D-0733-4A79-9F4D-63C7677ED020}.Debug|x86.ActiveCfg = Debug|Win32
		{7E38185D-0733-4A79-9F4D-63C7677ED020}.Debug|x86.Build.0 = Debug|Win32
		{7E38185D-0733-4A79-9F4D-63C7677ED020}.Release|x64.ActiveCfg = Release|x64
		{7E38185D-0733-4A79-9F4D-63C7677ED020}.Release|x64.Build.0 = Release|x64
		{7E38185D-0733-4A79-9F4D-63C7677ED020}.Release|x86.ActiveCfg = Release|Win32
		{7E38185D-0733-4A79-9F4D-63C7677ED020}.Release|x86.Build.0 = Release|Win32
		{140105BC-DC37-445A-8FB6-0FE7896FA344}.Debug|x64.ActiveCfg = Debug|x64
		{140105BC-DC37-445A-8FB6-0FE7896FA344}.Debug|x64.Build.0 = Debug|x64
		{140105BC-DC37-445A-8FB6-0FE7896FA344}.Debug|x86.ActiveCfg = Debug|Win32
		{140105BC-DC37-445A-8FB6-0FE7896FA344}.Debug|x86.Build.0 = Debug|Win32
		{140105BC-DC37-445A-8FB6-0FE7896FA344}.Release|x64.ActiveCfg = Release|x64
		{140105BC-DC37-445A-8FB6-0FE7896FA344}.Release|x64.Build.0 = Release|x64
		{140105BC-DC37-445A-8FB6-0FE7896FA344}.Release|x86.ActiveCfg = Release|Win32
		{140105BC-DC37-445A-8FB6-0FE7896FA344}.Release|x86.Build.0 = Release|Win32
		{851C8CF0-1F79-4212-AD8F-1CB735CF291E}.Debug|x64.ActiveCfg = Debug|x64
		{851C8CF0-1F79-4212-AD8F-1CB735CF291E}.Debug|x64.Build.0 = Debug|x64
		{851C8CF0-1F79-4212-AD8F-1CB735CF291E}.Debug|x86.ActiveCfg = Debug|Win32
		{851C8CF0-1F79-4212-AD8F-1CB735CF291E}.Debug|x86.Build.0 = Debug|Win32
		{851C8CF0-1F79-4212-AD8F-1CB735CF291E}.Release|x64.ActiveCfg = Release|x64
		{851C8CF0-1F79-4212-AD8F-1CB735CF291E}.Release|x64.Build.0 = Release|x64
		{851C8CF0-1F79-4212-AD8F-1CB735CF291E}.Release|x86.ActiveCfg = Release|Win32
		{851C8CF0-1F79-4212-AD8F-1CB735CF291E}.Release|x86.Build.0 = Release|Win32
	EndGlobalSection
	GlobalSection(SolutionProperties) = preSolution
		HideSolutionNode = FALSE
	EndGlobalSection
	GlobalSection(ExtensibilityGlobals) = postSolution
		SolutionGuid = {7530538C-D6BB-452F-AF8F-82A600051778}
	EndGlobalSection
EndGlobal
