<?xml version="1.0" encoding="utf-8"?>
<Project ToolsVersion="15.0" xmlns="http://schemas.microsoft.com/developer/msbuild/2003">
  <ItemGroup>
    <CustomBuild Include="D:\VSProject\LearnOpenGL\assimp-3.1.1\sln\CMakeFiles\bbe14e8993d9e13a0294a37e3f97a06c\INSTALL_force.rule">
      <Filter>CMake Rules</Filter>
    </CustomBuild>
  </ItemGroup>
  <ItemGroup>
    <Filter Include="CMake Rules">
      <UniqueIdentifier>{4F82E7D1-BCB6-35E4-BB2E-D8982952ED29}</UniqueIdentifier>
    </Filter>
  </ItemGroup>
</Project>
